
Microsoft Visual Studio Solution File, Format Version 12.00
# Visual Studio Version 17
VisualStudioVersion = 17.8.34112.27
MinimumVisualStudioVersion = 10.0.40219.1
Project("{9A19103F-16F7-4668-BE54-9A1E7A4F7556}") = "BulkyWeb", "BulkyWeb\BulkyWeb.csproj", "{08C48D3F-2102-4755-8C20-1559ED3F6377}"
EndProject
Project("{FAE04EC0-301F-11D3-BF4B-00C04F79EFBC}") = "BulkyWebRazor_Temp", "BulkyWebRazor_Temp\BulkyWebRazor_Temp.csproj", "{9D385490-9B2D-48AE-85E2-ABFFD4DD1CB5}"
EndProject
Global
	GlobalSection(SolutionConfigurationPlatforms) = preSolution
		Debug|Any CPU = Debug|Any CPU
		Release|Any CPU = Release|Any CPU
	EndGlobalSection
	GlobalSection(ProjectConfigurationPlatforms) = postSolution
		{08C48D3F-2102-4755-8C20-1559ED3F6377}.Debug|Any CPU.ActiveCfg = Debug|Any CPU
		{08C48D3F-2102-4755-8C20-1559ED3F6377}.Debug|Any CPU.Build.0 = Debug|Any CPU
		{08C48D3F-2102-4755-8C20-1559ED3F6377}.Release|Any CPU.ActiveCfg = Release|Any CPU
		{08C48D3F-2102-4755-8C20-1559ED3F6377}.Release|Any CPU.Build.0 = Release|Any CPU
		{9D385490-9B2D-48AE-85E2-ABFFD4DD1CB5}.Debug|Any CPU.ActiveCfg = Debug|Any CPU
		{9D385490-9B2D-48AE-85E2-ABFFD4DD1CB5}.Debug|Any CPU.Build.0 = Debug|Any CPU
		{9D385490-9B2D-48AE-85E2-ABFFD4DD1CB5}.Release|Any CPU.ActiveCfg = Release|Any CPU
		{9D385490-9B2D-48AE-85E2-ABFFD4DD1CB5}.Release|Any CPU.Build.0 = Release|Any CPU
	EndGlobalSection
	GlobalSection(SolutionProperties) = preSolution
		HideSolutionNode = FALSE
	EndGlobalSection
	GlobalSection(ExtensibilityGlobals) = postSolution
		SolutionGuid = {554CF167-44AC-46BA-A843-B1F77373FD64}
	EndGlobalSection
EndGlobal
