
Microsoft Visual Studio Solution File, Format Version 12.00
# Visual Studio Version 17
VisualStudioVersion = 17.8.34112.27
MinimumVisualStudioVersion = 10.0.40219.1
Project("{9A19103F-16F7-4668-BE54-9A1E7A4F7556}") = "BulkyWeb", "BulkyWeb\BulkyWeb.csproj", "{08C48D3F-2102-4755-8C20-1559ED3F6377}"
EndProject
Project("{FAE04EC0-301F-11D3-BF4B-00C04F79EFBC}") = "Bulky.DataAccess", "Bulky.DataAccess\Bulky.DataAccess.csproj", "{790063C5-F1F3-4062-9353-E467E0DE9B91}"
EndProject
Project("{FAE04EC0-301F-11D3-BF4B-00C04F79EFBC}") = "Bulky.Models", "Bulky.Models\Bulky.Models.csproj", "{0BD117F2-D9DC-4968-B6A0-2C1644236384}"
EndProject
Project("{FAE04EC0-301F-11D3-BF4B-00C04F79EFBC}") = "Bulky.Utility", "Bulky.Utility\Bulky.Utility.csproj", "{E479B591-BF8C-4E5D-8139-83A979DBAE19}"
EndProject
Global
	GlobalSection(SolutionConfigurationPlatforms) = preSolution
		Debug|Any CPU = Debug|Any CPU
		Release|Any CPU = Release|Any CPU
	EndGlobalSection
	GlobalSection(ProjectConfigurationPlatforms) = postSolution
		{08C48D3F-2102-4755-8C20-1559ED3F6377}.Debug|Any CPU.ActiveCfg = Debug|Any CPU
		{08C48D3F-2102-4755-8C20-1559ED3F6377}.Debug|Any CPU.Build.0 = Debug|Any CPU
		{08C48D3F-2102-4755-8C20-1559ED3F6377}.Release|Any CPU.ActiveCfg = Release|Any CPU
		{08C48D3F-2102-4755-8C20-1559ED3F6377}.Release|Any CPU.Build.0 = Release|Any CPU
		{790063C5-F1F3-4062-9353-E467E0DE9B91}.Debug|Any CPU.ActiveCfg = Debug|Any CPU
		{790063C5-F1F3-4062-9353-E467E0DE9B91}.Debug|Any CPU.Build.0 = Debug|Any CPU
		{790063C5-F1F3-4062-9353-E467E0DE9B91}.Release|Any CPU.ActiveCfg = Release|Any CPU
		{790063C5-F1F3-4062-9353-E467E0DE9B91}.Release|Any CPU.Build.0 = Release|Any CPU
		{0BD117F2-D9DC-4968-B6A0-2C1644236384}.Debug|Any CPU.ActiveCfg = Debug|Any CPU
		{0BD117F2-D9DC-4968-B6A0-2C1644236384}.Debug|Any CPU.Build.0 = Debug|Any CPU
		{0BD117F2-D9DC-4968-B6A0-2C1644236384}.Release|Any CPU.ActiveCfg = Release|Any CPU
		{0BD117F2-D9DC-4968-B6A0-2C1644236384}.Release|Any CPU.Build.0 = Release|Any CPU
		{E479B591-BF8C-4E5D-8139-83A979DBAE19}.Debug|Any CPU.ActiveCfg = Debug|Any CPU
		{E479B591-BF8C-4E5D-8139-83A979DBAE19}.Debug|Any CPU.Build.0 = Debug|Any CPU
		{E479B591-BF8C-4E5D-8139-83A979DBAE19}.Release|Any CPU.ActiveCfg = Release|Any CPU
		{E479B591-BF8C-4E5D-8139-83A979DBAE19}.Release|Any CPU.Build.0 = Release|Any CPU
	EndGlobalSection
	GlobalSection(SolutionProperties) = preSolution
		HideSolutionNode = FALSE
	EndGlobalSection
	GlobalSection(ExtensibilityGlobals) = postSolution
		SolutionGuid = {554CF167-44AC-46BA-A843-B1F77373FD64}
	EndGlobalSection
EndGlobal
